
Microsoft Visual Studio Solution File, Format Version 12.00
# Visual Studio Version 17
VisualStudioVersion = 17.5.33516.290
MinimumVisualStudioVersion = 10.0.40219.1
Project("{FAE04EC0-301F-11D3-BF4B-00C04F79EFBC}") = "pharmacay managemnt system", "pharmacay managemnt system\pharmacay managemnt system.csproj", "{D8FB4BC3-9F1C-4B04-BB6A-729CD9C427F4}"
EndProject
Global
	GlobalSection(SolutionConfigurationPlatforms) = preSolution
		Debug|Any CPU = Debug|Any CPU
		Release|Any CPU = Release|Any CPU
	EndGlobalSection
	GlobalSection(ProjectConfigurationPlatforms) = postSolution
		{D8FB4BC3-9F1C-4B04-BB6A-729CD9C427F4}.Debug|Any CPU.ActiveCfg = Debug|Any CPU
		{D8FB4BC3-9F1C-4B04-BB6A-729CD9C427F4}.Debug|Any CPU.Build.0 = Debug|Any CPU
		{D8FB4BC3-9F1C-4B04-BB6A-729CD9C427F4}.Release|Any CPU.ActiveCfg = Release|Any CPU
		{D8FB4BC3-9F1C-4B04-BB6A-729CD9C427F4}.Release|Any CPU.Build.0 = Release|Any CPU
	EndGlobalSection
	GlobalSection(SolutionProperties) = preSolution
		HideSolutionNode = FALSE
	EndGlobalSection
	GlobalSection(ExtensibilityGlobals) = postSolution
		SolutionGuid = {E88B9D66-C924-49F8-AA14-A3AB0477AFF3}
	EndGlobalSection
EndGlobal
